// !$*UTF8*$!
{
	archiveVersion = 1;
	classes = {
	};
	objectVersion = 55;
	objects = {

/* Begin PBXBuildFile section */
		74329BB06FAC1C674121F8C3 /* Pods_openweatermap_testproject.framework in Frameworks */ = {isa = PBXBuildFile; fileRef = 53AB0314EEF84890A70EC471 /* Pods_openweatermap_testproject.framework */; };
		BD2B1659278D8F0700B02623 /* UserModel.swift in Sources */ = {isa = PBXBuildFile; fileRef = BD2B1658278D8F0700B02623 /* UserModel.swift */; };
		BD2B165B278D8F1B00B02623 /* WeaterMode.swift in Sources */ = {isa = PBXBuildFile; fileRef = BD2B165A278D8F1B00B02623 /* WeaterMode.swift */; };
		BD2B165D278D8FB500B02623 /* MainViewController.swift in Sources */ = {isa = PBXBuildFile; fileRef = BD2B165C278D8FB500B02623 /* MainViewController.swift */; };
		BD2B165F278D905300B02623 /* PlaceViewController.swift in Sources */ = {isa = PBXBuildFile; fileRef = BD2B165E278D905300B02623 /* PlaceViewController.swift */; };
		BD2B1662278D912700B02623 /* ModelCity.swift in Sources */ = {isa = PBXBuildFile; fileRef = BD2B1661278D912700B02623 /* ModelCity.swift */; };
		BD2B1665278D915000B02623 /* ModelForcast.swift in Sources */ = {isa = PBXBuildFile; fileRef = BD2B1664278D915000B02623 /* ModelForcast.swift */; };
		BD2B1667278D916500B02623 /* ModelWeather.swift in Sources */ = {isa = PBXBuildFile; fileRef = BD2B1666278D916500B02623 /* ModelWeather.swift */; };
		BD2B1669278D919000B02623 /* WeatherDateSource.swift in Sources */ = {isa = PBXBuildFile; fileRef = BD2B1668278D919000B02623 /* WeatherDateSource.swift */; };
		BD2B166B278D91A100B02623 /* NetworkManager.swift in Sources */ = {isa = PBXBuildFile; fileRef = BD2B166A278D91A100B02623 /* NetworkManager.swift */; };
		BD2B166F278D92E300B02623 /* MapViewController.swift in Sources */ = {isa = PBXBuildFile; fileRef = BD2B166E278D92E300B02623 /* MapViewController.swift */; };
		BD2B1672278D934B00B02623 /* Helpers.swift in Sources */ = {isa = PBXBuildFile; fileRef = BD2B1671278D934B00B02623 /* Helpers.swift */; };
		BD2B1677278D94A000B02623 /* EditCell.swift in Sources */ = {isa = PBXBuildFile; fileRef = BD2B1675278D94A000B02623 /* EditCell.swift */; };
		BD2B1678278D94A000B02623 /* EditCell.xib in Resources */ = {isa = PBXBuildFile; fileRef = BD2B1676278D94A000B02623 /* EditCell.xib */; };
		BD316BFA278D863F00DA0C94 /* CurrentViewController.swift in Sources */ = {isa = PBXBuildFile; fileRef = BD316BF9278D863F00DA0C94 /* CurrentViewController.swift */; };
		BD316BFC278D86EB00DA0C94 /* FavoriteViewController.swift in Sources */ = {isa = PBXBuildFile; fileRef = BD316BFB278D86EB00DA0C94 /* FavoriteViewController.swift */; };
		BD316BFE278D872600DA0C94 /* EditListViewController.swift in Sources */ = {isa = PBXBuildFile; fileRef = BD316BFD278D872600DA0C94 /* EditListViewController.swift */; };
		BD68FE12279B2C7800061596 /* HourlyCell.swift in Sources */ = {isa = PBXBuildFile; fileRef = BD68FE10279B2C7800061596 /* HourlyCell.swift */; };
		BD68FE13279B2C7800061596 /* HourlyCell.xib in Resources */ = {isa = PBXBuildFile; fileRef = BD68FE11279B2C7800061596 /* HourlyCell.xib */; };
		BD7E5280278F25A400A7CA0A /* sun-rain.json in Resources */ = {isa = PBXBuildFile; fileRef = BD7E5275278F25A400A7CA0A /* sun-rain.json */; };
		BD7E5281278F25A400A7CA0A /* brokenclouds.json in Resources */ = {isa = PBXBuildFile; fileRef = BD7E5276278F25A400A7CA0A /* brokenclouds.json */; };
		BD7E5282278F25A400A7CA0A /* cloudsandsun.json in Resources */ = {isa = PBXBuildFile; fileRef = BD7E5277278F25A400A7CA0A /* cloudsandsun.json */; };
		BD7E5283278F25A400A7CA0A /* clouds.json in Resources */ = {isa = PBXBuildFile; fileRef = BD7E5278278F25A400A7CA0A /* clouds.json */; };
		BD7E5284278F25A400A7CA0A /* thunderstorm.json in Resources */ = {isa = PBXBuildFile; fileRef = BD7E5279278F25A400A7CA0A /* thunderstorm.json */; };
		BD7E5285278F25A400A7CA0A /* blizzard.json in Resources */ = {isa = PBXBuildFile; fileRef = BD7E527A278F25A400A7CA0A /* blizzard.json */; };
		BD7E5286278F25A400A7CA0A /* snow.json in Resources */ = {isa = PBXBuildFile; fileRef = BD7E527B278F25A400A7CA0A /* snow.json */; };
		BD7E5287278F25A400A7CA0A /* rainfall.json in Resources */ = {isa = PBXBuildFile; fileRef = BD7E527C278F25A400A7CA0A /* rainfall.json */; };
		BD7E5288278F25A400A7CA0A /* fog.json in Resources */ = {isa = PBXBuildFile; fileRef = BD7E527D278F25A400A7CA0A /* fog.json */; };
		BD7E5289278F25A400A7CA0A /* clear.json in Resources */ = {isa = PBXBuildFile; fileRef = BD7E527E278F25A400A7CA0A /* clear.json */; };
		BD7E528A278F25A400A7CA0A /* rain.json in Resources */ = {isa = PBXBuildFile; fileRef = BD7E527F278F25A400A7CA0A /* rain.json */; };
		BD7E528C278F25C600A7CA0A /* LocationManager.swift in Sources */ = {isa = PBXBuildFile; fileRef = BD7E528B278F25C600A7CA0A /* LocationManager.swift */; };
		BD7E528E278F268800A7CA0A /* ForeCastViewController.swift in Sources */ = {isa = PBXBuildFile; fileRef = BD7E528D278F268800A7CA0A /* ForeCastViewController.swift */; };
		BD7E5293278F27B700A7CA0A /* ForecastCell.swift in Sources */ = {isa = PBXBuildFile; fileRef = BD7E5291278F27B700A7CA0A /* ForecastCell.swift */; };
		BD7E5294278F27B700A7CA0A /* ForecastCell.xib in Resources */ = {isa = PBXBuildFile; fileRef = BD7E5292278F27B700A7CA0A /* ForecastCell.xib */; };
		BD87434B279ABBF9008089EF /* ModelsForHourlyForecast.swift in Sources */ = {isa = PBXBuildFile; fileRef = BD87434A279ABBF9008089EF /* ModelsForHourlyForecast.swift */; };
		BDD1F53F278D816F00613D5F /* AppDelegate.swift in Sources */ = {isa = PBXBuildFile; fileRef = BDD1F53E278D816F00613D5F /* AppDelegate.swift */; };
		BDD1F541278D816F00613D5F /* SceneDelegate.swift in Sources */ = {isa = PBXBuildFile; fileRef = BDD1F540278D816F00613D5F /* SceneDelegate.swift */; };
		BDD1F546278D816F00613D5F /* Main.storyboard in Resources */ = {isa = PBXBuildFile; fileRef = BDD1F544278D816F00613D5F /* Main.storyboard */; };
		BDD1F548278D817000613D5F /* Assets.xcassets in Resources */ = {isa = PBXBuildFile; fileRef = BDD1F547278D817000613D5F /* Assets.xcassets */; };
		BDD1F54B278D817000613D5F /* LaunchScreen.storyboard in Resources */ = {isa = PBXBuildFile; fileRef = BDD1F549278D817000613D5F /* LaunchScreen.storyboard */; };
/* End PBXBuildFile section */

/* Begin PBXFileReference section */
		3015977C0C37F207FA4A5DB9 /* Pods-openweatermap_testproject.debug.xcconfig */ = {isa = PBXFileReference; includeInIndex = 1; lastKnownFileType = text.xcconfig; name = "Pods-openweatermap_testproject.debug.xcconfig"; path = "Target Support Files/Pods-openweatermap_testproject/Pods-openweatermap_testproject.debug.xcconfig"; sourceTree = "<group>"; };
		4C2F9262FF42A1F210D5B850 /* Pods-openweatermap_testproject.release.xcconfig */ = {isa = PBXFileReference; includeInIndex = 1; lastKnownFileType = text.xcconfig; name = "Pods-openweatermap_testproject.release.xcconfig"; path = "Target Support Files/Pods-openweatermap_testproject/Pods-openweatermap_testproject.release.xcconfig"; sourceTree = "<group>"; };
		53AB0314EEF84890A70EC471 /* Pods_openweatermap_testproject.framework */ = {isa = PBXFileReference; explicitFileType = wrapper.framework; includeInIndex = 0; path = Pods_openweatermap_testproject.framework; sourceTree = BUILT_PRODUCTS_DIR; };
		BD2B1658278D8F0700B02623 /* UserModel.swift */ = {isa = PBXFileReference; lastKnownFileType = sourcecode.swift; path = UserModel.swift; sourceTree = "<group>"; };
		BD2B165A278D8F1B00B02623 /* WeaterMode.swift */ = {isa = PBXFileReference; lastKnownFileType = sourcecode.swift; path = WeaterMode.swift; sourceTree = "<group>"; };
		BD2B165C278D8FB500B02623 /* MainViewController.swift */ = {isa = PBXFileReference; lastKnownFileType = sourcecode.swift; path = MainViewController.swift; sourceTree = "<group>"; };
		BD2B165E278D905300B02623 /* PlaceViewController.swift */ = {isa = PBXFileReference; lastKnownFileType = sourcecode.swift; path = PlaceViewController.swift; sourceTree = "<group>"; };
		BD2B1661278D912700B02623 /* ModelCity.swift */ = {isa = PBXFileReference; lastKnownFileType = sourcecode.swift; path = ModelCity.swift; sourceTree = "<group>"; };
		BD2B1664278D915000B02623 /* ModelForcast.swift */ = {isa = PBXFileReference; lastKnownFileType = sourcecode.swift; path = ModelForcast.swift; sourceTree = "<group>"; };
		BD2B1666278D916500B02623 /* ModelWeather.swift */ = {isa = PBXFileReference; lastKnownFileType = sourcecode.swift; path = ModelWeather.swift; sourceTree = "<group>"; };
		BD2B1668278D919000B02623 /* WeatherDateSource.swift */ = {isa = PBXFileReference; lastKnownFileType = sourcecode.swift; path = WeatherDateSource.swift; sourceTree = "<group>"; };
		BD2B166A278D91A100B02623 /* NetworkManager.swift */ = {isa = PBXFileReference; lastKnownFileType = sourcecode.swift; path = NetworkManager.swift; sourceTree = "<group>"; };
		BD2B166E278D92E300B02623 /* MapViewController.swift */ = {isa = PBXFileReference; lastKnownFileType = sourcecode.swift; path = MapViewController.swift; sourceTree = "<group>"; };
		BD2B1671278D934B00B02623 /* Helpers.swift */ = {isa = PBXFileReference; lastKnownFileType = sourcecode.swift; path = Helpers.swift; sourceTree = "<group>"; };
		BD2B1675278D94A000B02623 /* EditCell.swift */ = {isa = PBXFileReference; lastKnownFileType = sourcecode.swift; path = EditCell.swift; sourceTree = "<group>"; };
		BD2B1676278D94A000B02623 /* EditCell.xib */ = {isa = PBXFileReference; lastKnownFileType = file.xib; path = EditCell.xib; sourceTree = "<group>"; };
		BD316BF9278D863F00DA0C94 /* CurrentViewController.swift */ = {isa = PBXFileReference; lastKnownFileType = sourcecode.swift; path = CurrentViewController.swift; sourceTree = "<group>"; };
		BD316BFB278D86EB00DA0C94 /* FavoriteViewController.swift */ = {isa = PBXFileReference; lastKnownFileType = sourcecode.swift; path = FavoriteViewController.swift; sourceTree = "<group>"; };
		BD316BFD278D872600DA0C94 /* EditListViewController.swift */ = {isa = PBXFileReference; lastKnownFileType = sourcecode.swift; path = EditListViewController.swift; sourceTree = "<group>"; };
		BD68FE10279B2C7800061596 /* HourlyCell.swift */ = {isa = PBXFileReference; lastKnownFileType = sourcecode.swift; path = HourlyCell.swift; sourceTree = "<group>"; };
		BD68FE11279B2C7800061596 /* HourlyCell.xib */ = {isa = PBXFileReference; lastKnownFileType = file.xib; path = HourlyCell.xib; sourceTree = "<group>"; };
		BD7E5275278F25A400A7CA0A /* sun-rain.json */ = {isa = PBXFileReference; fileEncoding = 4; lastKnownFileType = text.json; path = "sun-rain.json"; sourceTree = "<group>"; };
		BD7E5276278F25A400A7CA0A /* brokenclouds.json */ = {isa = PBXFileReference; fileEncoding = 4; lastKnownFileType = text.json; path = brokenclouds.json; sourceTree = "<group>"; };
		BD7E5277278F25A400A7CA0A /* cloudsandsun.json */ = {isa = PBXFileReference; fileEncoding = 4; lastKnownFileType = text.json; path = cloudsandsun.json; sourceTree = "<group>"; };
		BD7E5278278F25A400A7CA0A /* clouds.json */ = {isa = PBXFileReference; fileEncoding = 4; lastKnownFileType = text.json; path = clouds.json; sourceTree = "<group>"; };
		BD7E5279278F25A400A7CA0A /* thunderstorm.json */ = {isa = PBXFileReference; fileEncoding = 4; lastKnownFileType = text.json; path = thunderstorm.json; sourceTree = "<group>"; };
		BD7E527A278F25A400A7CA0A /* blizzard.json */ = {isa = PBXFileReference; fileEncoding = 4; lastKnownFileType = text.json; path = blizzard.json; sourceTree = "<group>"; };
		BD7E527B278F25A400A7CA0A /* snow.json */ = {isa = PBXFileReference; fileEncoding = 4; lastKnownFileType = text.json; path = snow.json; sourceTree = "<group>"; };
		BD7E527C278F25A400A7CA0A /* rainfall.json */ = {isa = PBXFileReference; fileEncoding = 4; lastKnownFileType = text.json; path = rainfall.json; sourceTree = "<group>"; };
		BD7E527D278F25A400A7CA0A /* fog.json */ = {isa = PBXFileReference; fileEncoding = 4; lastKnownFileType = text.json; path = fog.json; sourceTree = "<group>"; };
		BD7E527E278F25A400A7CA0A /* clear.json */ = {isa = PBXFileReference; fileEncoding = 4; lastKnownFileType = text.json; path = clear.json; sourceTree = "<group>"; };
		BD7E527F278F25A400A7CA0A /* rain.json */ = {isa = PBXFileReference; fileEncoding = 4; lastKnownFileType = text.json; path = rain.json; sourceTree = "<group>"; };
		BD7E528B278F25C600A7CA0A /* LocationManager.swift */ = {isa = PBXFileReference; lastKnownFileType = sourcecode.swift; path = LocationManager.swift; sourceTree = "<group>"; };
		BD7E528D278F268800A7CA0A /* ForeCastViewController.swift */ = {isa = PBXFileReference; lastKnownFileType = sourcecode.swift; path = ForeCastViewController.swift; sourceTree = "<group>"; };
		BD7E5291278F27B700A7CA0A /* ForecastCell.swift */ = {isa = PBXFileReference; lastKnownFileType = sourcecode.swift; path = ForecastCell.swift; sourceTree = "<group>"; };
		BD7E5292278F27B700A7CA0A /* ForecastCell.xib */ = {isa = PBXFileReference; lastKnownFileType = file.xib; path = ForecastCell.xib; sourceTree = "<group>"; };
		BD87434A279ABBF9008089EF /* ModelsForHourlyForecast.swift */ = {isa = PBXFileReference; lastKnownFileType = sourcecode.swift; path = ModelsForHourlyForecast.swift; sourceTree = "<group>"; };
		BDD1F53B278D816F00613D5F /* openweatermap_testproject.app */ = {isa = PBXFileReference; explicitFileType = wrapper.application; includeInIndex = 0; path = openweatermap_testproject.app; sourceTree = BUILT_PRODUCTS_DIR; };
		BDD1F53E278D816F00613D5F /* AppDelegate.swift */ = {isa = PBXFileReference; lastKnownFileType = sourcecode.swift; path = AppDelegate.swift; sourceTree = "<group>"; };
		BDD1F540278D816F00613D5F /* SceneDelegate.swift */ = {isa = PBXFileReference; lastKnownFileType = sourcecode.swift; path = SceneDelegate.swift; sourceTree = "<group>"; };
		BDD1F545278D816F00613D5F /* Base */ = {isa = PBXFileReference; lastKnownFileType = file.storyboard; name = Base; path = Base.lproj/Main.storyboard; sourceTree = "<group>"; };
		BDD1F547278D817000613D5F /* Assets.xcassets */ = {isa = PBXFileReference; lastKnownFileType = folder.assetcatalog; path = Assets.xcassets; sourceTree = "<group>"; };
		BDD1F54A278D817000613D5F /* Base */ = {isa = PBXFileReference; lastKnownFileType = file.storyboard; name = Base; path = Base.lproj/LaunchScreen.storyboard; sourceTree = "<group>"; };
		BDD1F54C278D817000613D5F /* Info.plist */ = {isa = PBXFileReference; lastKnownFileType = text.plist.xml; path = Info.plist; sourceTree = "<group>"; };
/* End PBXFileReference section */

/* Begin PBXFrameworksBuildPhase section */
		BDD1F538278D816F00613D5F /* Frameworks */ = {
			isa = PBXFrameworksBuildPhase;
			buildActionMask = 2147483647;
			files = (
				74329BB06FAC1C674121F8C3 /* Pods_openweatermap_testproject.framework in Frameworks */,
			);
			runOnlyForDeploymentPostprocessing = 0;
		};
/* End PBXFrameworksBuildPhase section */

/* Begin PBXGroup section */
		A7748059F4AD199BF1288553 /* Frameworks */ = {
			isa = PBXGroup;
			children = (
				53AB0314EEF84890A70EC471 /* Pods_openweatermap_testproject.framework */,
			);
			name = Frameworks;
			sourceTree = "<group>";
		};
		ABC517EF88B2DD9AFB4E2C86 /* Pods */ = {
			isa = PBXGroup;
			children = (
				3015977C0C37F207FA4A5DB9 /* Pods-openweatermap_testproject.debug.xcconfig */,
				4C2F9262FF42A1F210D5B850 /* Pods-openweatermap_testproject.release.xcconfig */,
			);
			path = Pods;
			sourceTree = "<group>";
		};
		BD2B1657278D8E0800B02623 /* DataManager */ = {
			isa = PBXGroup;
			children = (
				BD2B1658278D8F0700B02623 /* UserModel.swift */,
				BD2B165A278D8F1B00B02623 /* WeaterMode.swift */,
			);
			path = DataManager;
			sourceTree = "<group>";
		};
		BD2B1660278D90E700B02623 /* Network */ = {
			isa = PBXGroup;
			children = (
				BD2B1661278D912700B02623 /* ModelCity.swift */,
				BD2B1664278D915000B02623 /* ModelForcast.swift */,
				BD2B1666278D916500B02623 /* ModelWeather.swift */,
				BD2B1668278D919000B02623 /* WeatherDateSource.swift */,
				BD2B166A278D91A100B02623 /* NetworkManager.swift */,
				BD87434A279ABBF9008089EF /* ModelsForHourlyForecast.swift */,
			);
			path = Network;
			sourceTree = "<group>";
		};
		BD2B1670278D932800B02623 /* Helpers */ = {
			isa = PBXGroup;
			children = (
				BD2B1671278D934B00B02623 /* Helpers.swift */,
			);
			path = Helpers;
			sourceTree = "<group>";
		};
		BD2B1673278D945B00B02623 /* EditListVC */ = {
			isa = PBXGroup;
			children = (
				BD316BFD278D872600DA0C94 /* EditListViewController.swift */,
				BD2B1674278D947500B02623 /* Cell */,
			);
			path = EditListVC;
			sourceTree = "<group>";
		};
		BD2B1674278D947500B02623 /* Cell */ = {
			isa = PBXGroup;
			children = (
				BD2B1675278D94A000B02623 /* EditCell.swift */,
				BD2B1676278D94A000B02623 /* EditCell.xib */,
			);
			path = Cell;
			sourceTree = "<group>";
		};
		BD316BF8278D860000DA0C94 /* Controllers */ = {
			isa = PBXGroup;
			children = (
				BD2B165C278D8FB500B02623 /* MainViewController.swift */,
				BD68FE0E279B2C4600061596 /* CurrentController */,
				BD316BFB278D86EB00DA0C94 /* FavoriteViewController.swift */,
				BD2B165E278D905300B02623 /* PlaceViewController.swift */,
				BD7E528F278F277000A7CA0A /* ForeCastViewController */,
				BD2B1673278D945B00B02623 /* EditListVC */,
				BD2B166E278D92E300B02623 /* MapViewController.swift */,
			);
			path = Controllers;
			sourceTree = "<group>";
		};
		BD68FE0E279B2C4600061596 /* CurrentController */ = {
			isa = PBXGroup;
			children = (
				BD316BF9278D863F00DA0C94 /* CurrentViewController.swift */,
				BD68FE0F279B2C5500061596 /* Cell */,
			);
			path = CurrentController;
			sourceTree = "<group>";
		};
		BD68FE0F279B2C5500061596 /* Cell */ = {
			isa = PBXGroup;
			children = (
				BD68FE10279B2C7800061596 /* HourlyCell.swift */,
				BD68FE11279B2C7800061596 /* HourlyCell.xib */,
			);
			path = Cell;
			sourceTree = "<group>";
		};
		BD68FE14279B330900061596 /* LocationManager */ = {
			isa = PBXGroup;
			children = (
				BD7E528B278F25C600A7CA0A /* LocationManager.swift */,
			);
			path = LocationManager;
			sourceTree = "<group>";
		};
		BD7E5274278F258100A7CA0A /* lottieFiles */ = {
			isa = PBXGroup;
			children = (
				BD7E527A278F25A400A7CA0A /* blizzard.json */,
				BD7E5276278F25A400A7CA0A /* brokenclouds.json */,
				BD7E527E278F25A400A7CA0A /* clear.json */,
				BD7E5278278F25A400A7CA0A /* clouds.json */,
				BD7E5277278F25A400A7CA0A /* cloudsandsun.json */,
				BD7E527D278F25A400A7CA0A /* fog.json */,
				BD7E527F278F25A400A7CA0A /* rain.json */,
				BD7E527C278F25A400A7CA0A /* rainfall.json */,
				BD7E527B278F25A400A7CA0A /* snow.json */,
				BD7E5275278F25A400A7CA0A /* sun-rain.json */,
				BD7E5279278F25A400A7CA0A /* thunderstorm.json */,
			);
			path = lottieFiles;
			sourceTree = "<group>";
		};
		BD7E528F278F277000A7CA0A /* ForeCastViewController */ = {
			isa = PBXGroup;
			children = (
				BD7E5290278F278700A7CA0A /* ForeCastCell */,
				BD7E528D278F268800A7CA0A /* ForeCastViewController.swift */,
			);
			path = ForeCastViewController;
			sourceTree = "<group>";
		};
		BD7E5290278F278700A7CA0A /* ForeCastCell */ = {
			isa = PBXGroup;
			children = (
				BD7E5291278F27B700A7CA0A /* ForecastCell.swift */,
				BD7E5292278F27B700A7CA0A /* ForecastCell.xib */,
			);
			path = ForeCastCell;
			sourceTree = "<group>";
		};
		BD7E5295278F310C00A7CA0A /* Application */ = {
			isa = PBXGroup;
			children = (
				BDD1F53E278D816F00613D5F /* AppDelegate.swift */,
				BDD1F540278D816F00613D5F /* SceneDelegate.swift */,
				BDD1F544278D816F00613D5F /* Main.storyboard */,
				BDD1F549278D817000613D5F /* LaunchScreen.storyboard */,
			);
			path = Application;
			sourceTree = "<group>";
		};
		BDD1F532278D816F00613D5F = {
			isa = PBXGroup;
			children = (
				BDD1F53D278D816F00613D5F /* openweatermap_testproject */,
				BDD1F53C278D816F00613D5F /* Products */,
				ABC517EF88B2DD9AFB4E2C86 /* Pods */,
				A7748059F4AD199BF1288553 /* Frameworks */,
			);
			sourceTree = "<group>";
		};
		BDD1F53C278D816F00613D5F /* Products */ = {
			isa = PBXGroup;
			children = (
				BDD1F53B278D816F00613D5F /* openweatermap_testproject.app */,
			);
			name = Products;
			sourceTree = "<group>";
		};
		BDD1F53D278D816F00613D5F /* openweatermap_testproject */ = {
			isa = PBXGroup;
			children = (
				BD7E5295278F310C00A7CA0A /* Application */,
				BDD1F547278D817000613D5F /* Assets.xcassets */,
				BDD1F54C278D817000613D5F /* Info.plist */,
				BD68FE14279B330900061596 /* LocationManager */,
				BD2B1657278D8E0800B02623 /* DataManager */,
				BD316BF8278D860000DA0C94 /* Controllers */,
				BD7E5274278F258100A7CA0A /* lottieFiles */,
				BD2B1670278D932800B02623 /* Helpers */,
				BD2B1660278D90E700B02623 /* Network */,
			);
			path = openweatermap_testproject;
			sourceTree = "<group>";
		};
/* End PBXGroup section */

/* Begin PBXNativeTarget section */
		BDD1F53A278D816F00613D5F /* openweatermap_testproject */ = {
			isa = PBXNativeTarget;
			buildConfigurationList = BDD1F54F278D817000613D5F /* Build configuration list for PBXNativeTarget "openweatermap_testproject" */;
			buildPhases = (
				D79972A09415EC53115B63C3 /* [CP] Check Pods Manifest.lock */,
				BDD1F537278D816F00613D5F /* Sources */,
				BDD1F538278D816F00613D5F /* Frameworks */,
				BDD1F539278D816F00613D5F /* Resources */,
				0F066F4299C41E0588753A46 /* [CP] Embed Pods Frameworks */,
			);
			buildRules = (
			);
			dependencies = (
			);
			name = openweatermap_testproject;
			productName = openweatermap_testproject;
			productReference = BDD1F53B278D816F00613D5F /* openweatermap_testproject.app */;
			productType = "com.apple.product-type.application";
		};
/* End PBXNativeTarget section */

/* Begin PBXProject section */
		BDD1F533278D816F00613D5F /* Project object */ = {
			isa = PBXProject;
			attributes = {
				BuildIndependentTargetsInParallel = 1;
				LastSwiftUpdateCheck = 1310;
				LastUpgradeCheck = 1310;
				TargetAttributes = {
					BDD1F53A278D816F00613D5F = {
						CreatedOnToolsVersion = 13.1;
					};
				};
			};
			buildConfigurationList = BDD1F536278D816F00613D5F /* Build configuration list for PBXProject "openweatermap_testproject" */;
			compatibilityVersion = "Xcode 13.0";
			developmentRegion = en;
			hasScannedForEncodings = 0;
			knownRegions = (
				en,
				Base,
			);
			mainGroup = BDD1F532278D816F00613D5F;
			productRefGroup = BDD1F53C278D816F00613D5F /* Products */;
			projectDirPath = "";
			projectRoot = "";
			targets = (
				BDD1F53A278D816F00613D5F /* openweatermap_testproject */,
			);
		};
/* End PBXProject section */

/* Begin PBXResourcesBuildPhase section */
		BDD1F539278D816F00613D5F /* Resources */ = {
			isa = PBXResourcesBuildPhase;
			buildActionMask = 2147483647;
			files = (
				BD7E5288278F25A400A7CA0A /* fog.json in Resources */,
				BD7E5282278F25A400A7CA0A /* cloudsandsun.json in Resources */,
				BDD1F54B278D817000613D5F /* LaunchScreen.storyboard in Resources */,
				BD7E5287278F25A400A7CA0A /* rainfall.json in Resources */,
				BD7E528A278F25A400A7CA0A /* rain.json in Resources */,
				BD7E5280278F25A400A7CA0A /* sun-rain.json in Resources */,
				BD7E5285278F25A400A7CA0A /* blizzard.json in Resources */,
				BDD1F548278D817000613D5F /* Assets.xcassets in Resources */,
				BD7E5294278F27B700A7CA0A /* ForecastCell.xib in Resources */,
				BDD1F546278D816F00613D5F /* Main.storyboard in Resources */,
				BD7E5283278F25A400A7CA0A /* clouds.json in Resources */,
				BD7E5281278F25A400A7CA0A /* brokenclouds.json in Resources */,
				BD7E5284278F25A400A7CA0A /* thunderstorm.json in Resources */,
				BD7E5289278F25A400A7CA0A /* clear.json in Resources */,
				BD68FE13279B2C7800061596 /* HourlyCell.xib in Resources */,
				BD2B1678278D94A000B02623 /* EditCell.xib in Resources */,
				BD7E5286278F25A400A7CA0A /* snow.json in Resources */,
			);
			runOnlyForDeploymentPostprocessing = 0;
		};
/* End PBXResourcesBuildPhase section */

/* Begin PBXShellScriptBuildPhase section */
		0F066F4299C41E0588753A46 /* [CP] Embed Pods Frameworks */ = {
			isa = PBXShellScriptBuildPhase;
			buildActionMask = 2147483647;
			files = (
			);
			inputFileListPaths = (
				"${PODS_ROOT}/Target Support Files/Pods-openweatermap_testproject/Pods-openweatermap_testproject-frameworks-${CONFIGURATION}-input-files.xcfilelist",
			);
			name = "[CP] Embed Pods Frameworks";
			outputFileListPaths = (
				"${PODS_ROOT}/Target Support Files/Pods-openweatermap_testproject/Pods-openweatermap_testproject-frameworks-${CONFIGURATION}-output-files.xcfilelist",
			);
			runOnlyForDeploymentPostprocessing = 0;
			shellPath = /bin/sh;
			shellScript = "\"${PODS_ROOT}/Target Support Files/Pods-openweatermap_testproject/Pods-openweatermap_testproject-frameworks.sh\"\n";
			showEnvVarsInLog = 0;
		};
		D79972A09415EC53115B63C3 /* [CP] Check Pods Manifest.lock */ = {
			isa = PBXShellScriptBuildPhase;
			buildActionMask = 2147483647;
			files = (
			);
			inputFileListPaths = (
			);
			inputPaths = (
				"${PODS_PODFILE_DIR_PATH}/Podfile.lock",
				"${PODS_ROOT}/Manifest.lock",
			);
			name = "[CP] Check Pods Manifest.lock";
			outputFileListPaths = (
			);
			outputPaths = (
				"$(DERIVED_FILE_DIR)/Pods-openweatermap_testproject-checkManifestLockResult.txt",
			);
			runOnlyForDeploymentPostprocessing = 0;
			shellPath = /bin/sh;
			shellScript = "diff \"${PODS_PODFILE_DIR_PATH}/Podfile.lock\" \"${PODS_ROOT}/Manifest.lock\" > /dev/null\nif [ $? != 0 ] ; then\n    # print error to STDERR\n    echo \"error: The sandbox is not in sync with the Podfile.lock. Run 'pod install' or update your CocoaPods installation.\" >&2\n    exit 1\nfi\n# This output is used by Xcode 'outputs' to avoid re-running this script phase.\necho \"SUCCESS\" > \"${SCRIPT_OUTPUT_FILE_0}\"\n";
			showEnvVarsInLog = 0;
		};
/* End PBXShellScriptBuildPhase section */

/* Begin PBXSourcesBuildPhase section */
		BDD1F537278D816F00613D5F /* Sources */ = {
			isa = PBXSourcesBuildPhase;
			buildActionMask = 2147483647;
			files = (
				BD68FE12279B2C7800061596 /* HourlyCell.swift in Sources */,
				BD7E5293278F27B700A7CA0A /* ForecastCell.swift in Sources */,
				BD2B1662278D912700B02623 /* ModelCity.swift in Sources */,
				BD2B165B278D8F1B00B02623 /* WeaterMode.swift in Sources */,
				BD316BFE278D872600DA0C94 /* EditListViewController.swift in Sources */,
				BDD1F53F278D816F00613D5F /* AppDelegate.swift in Sources */,
				BD2B165F278D905300B02623 /* PlaceViewController.swift in Sources */,
				BD316BFA278D863F00DA0C94 /* CurrentViewController.swift in Sources */,
				BD2B1667278D916500B02623 /* ModelWeather.swift in Sources */,
				BD87434B279ABBF9008089EF /* ModelsForHourlyForecast.swift in Sources */,
				BD2B1669278D919000B02623 /* WeatherDateSource.swift in Sources */,
				BD7E528C278F25C600A7CA0A /* LocationManager.swift in Sources */,
				BD316BFC278D86EB00DA0C94 /* FavoriteViewController.swift in Sources */,
				BD2B1677278D94A000B02623 /* EditCell.swift in Sources */,
				BD2B1665278D915000B02623 /* ModelForcast.swift in Sources */,
				BD2B166B278D91A100B02623 /* NetworkManager.swift in Sources */,
				BD2B1672278D934B00B02623 /* Helpers.swift in Sources */,
				BD7E528E278F268800A7CA0A /* ForeCastViewController.swift in Sources */,
				BD2B1659278D8F0700B02623 /* UserModel.swift in Sources */,
				BDD1F541278D816F00613D5F /* SceneDelegate.swift in Sources */,
				BD2B166F278D92E300B02623 /* MapViewController.swift in Sources */,
				BD2B165D278D8FB500B02623 /* MainViewController.swift in Sources */,
			);
			runOnlyForDeploymentPostprocessing = 0;
		};
/* End PBXSourcesBuildPhase section */

/* Begin PBXVariantGroup section */
		BDD1F544278D816F00613D5F /* Main.storyboard */ = {
			isa = PBXVariantGroup;
			children = (
				BDD1F545278D816F00613D5F /* Base */,
			);
			name = Main.storyboard;
			sourceTree = "<group>";
		};
		BDD1F549278D817000613D5F /* LaunchScreen.storyboard */ = {
			isa = PBXVariantGroup;
			children = (
				BDD1F54A278D817000613D5F /* Base */,
			);
			name = LaunchScreen.storyboard;
			sourceTree = "<group>";
		};
/* End PBXVariantGroup section */

/* Begin XCBuildConfiguration section */
		BDD1F54D278D817000613D5F /* Debug */ = {
			isa = XCBuildConfiguration;
			buildSettings = {
				ALWAYS_SEARCH_USER_PATHS = NO;
				CLANG_ANALYZER_NONNULL = YES;
				CLANG_ANALYZER_NUMBER_OBJECT_CONVERSION = YES_AGGRESSIVE;
				CLANG_CXX_LANGUAGE_STANDARD = "gnu++17";
				CLANG_CXX_LIBRARY = "libc++";
				CLANG_ENABLE_MODULES = YES;
				CLANG_ENABLE_OBJC_ARC = YES;
				CLANG_ENABLE_OBJC_WEAK = YES;
				CLANG_WARN_BLOCK_CAPTURE_AUTORELEASING = YES;
				CLANG_WARN_BOOL_CONVERSION = YES;
				CLANG_WARN_COMMA = YES;
				CLANG_WARN_CONSTANT_CONVERSION = YES;
				CLANG_WARN_DEPRECATED_OBJC_IMPLEMENTATIONS = YES;
				CLANG_WARN_DIRECT_OBJC_ISA_USAGE = YES_ERROR;
				CLANG_WARN_DOCUMENTATION_COMMENTS = YES;
				CLANG_WARN_EMPTY_BODY = YES;
				CLANG_WARN_ENUM_CONVERSION = YES;
				CLANG_WARN_INFINITE_RECURSION = YES;
				CLANG_WARN_INT_CONVERSION = YES;
				CLANG_WARN_NON_LITERAL_NULL_CONVERSION = YES;
				CLANG_WARN_OBJC_IMPLICIT_RETAIN_SELF = YES;
				CLANG_WARN_OBJC_LITERAL_CONVERSION = YES;
				CLANG_WARN_OBJC_ROOT_CLASS = YES_ERROR;
				CLANG_WARN_QUOTED_INCLUDE_IN_FRAMEWORK_HEADER = YES;
				CLANG_WARN_RANGE_LOOP_ANALYSIS = YES;
				CLANG_WARN_STRICT_PROTOTYPES = YES;
				CLANG_WARN_SUSPICIOUS_MOVE = YES;
				CLANG_WARN_UNGUARDED_AVAILABILITY = YES_AGGRESSIVE;
				CLANG_WARN_UNREACHABLE_CODE = YES;
				CLANG_WARN__DUPLICATE_METHOD_MATCH = YES;
				COPY_PHASE_STRIP = NO;
				DEBUG_INFORMATION_FORMAT = dwarf;
				ENABLE_STRICT_OBJC_MSGSEND = YES;
				ENABLE_TESTABILITY = YES;
				GCC_C_LANGUAGE_STANDARD = gnu11;
				GCC_DYNAMIC_NO_PIC = NO;
				GCC_NO_COMMON_BLOCKS = YES;
				GCC_OPTIMIZATION_LEVEL = 0;
				GCC_PREPROCESSOR_DEFINITIONS = (
					"DEBUG=1",
					"$(inherited)",
				);
				GCC_WARN_64_TO_32_BIT_CONVERSION = YES;
				GCC_WARN_ABOUT_RETURN_TYPE = YES_ERROR;
				GCC_WARN_UNDECLARED_SELECTOR = YES;
				GCC_WARN_UNINITIALIZED_AUTOS = YES_AGGRESSIVE;
				GCC_WARN_UNUSED_FUNCTION = YES;
				GCC_WARN_UNUSED_VARIABLE = YES;
				IPHONEOS_DEPLOYMENT_TARGET = 15.0;
				MTL_ENABLE_DEBUG_INFO = INCLUDE_SOURCE;
				MTL_FAST_MATH = YES;
				ONLY_ACTIVE_ARCH = YES;
				SDKROOT = iphoneos;
				SWIFT_ACTIVE_COMPILATION_CONDITIONS = DEBUG;
				SWIFT_OPTIMIZATION_LEVEL = "-Onone";
			};
			name = Debug;
		};
		BDD1F54E278D817000613D5F /* Release */ = {
			isa = XCBuildConfiguration;
			buildSettings = {
				ALWAYS_SEARCH_USER_PATHS = NO;
				CLANG_ANALYZER_NONNULL = YES;
				CLANG_ANALYZER_NUMBER_OBJECT_CONVERSION = YES_AGGRESSIVE;
				CLANG_CXX_LANGUAGE_STANDARD = "gnu++17";
				CLANG_CXX_LIBRARY = "libc++";
				CLANG_ENABLE_MODULES = YES;
				CLANG_ENABLE_OBJC_ARC = YES;
				CLANG_ENABLE_OBJC_WEAK = YES;
				CLANG_WARN_BLOCK_CAPTURE_AUTORELEASING = YES;
				CLANG_WARN_BOOL_CONVERSION = YES;
				CLANG_WARN_COMMA = YES;
				CLANG_WARN_CONSTANT_CONVERSION = YES;
				CLANG_WARN_DEPRECATED_OBJC_IMPLEMENTATIONS = YES;
				CLANG_WARN_DIRECT_OBJC_ISA_USAGE = YES_ERROR;
				CLANG_WARN_DOCUMENTATION_COMMENTS = YES;
				CLANG_WARN_EMPTY_BODY = YES;
				CLANG_WARN_ENUM_CONVERSION = YES;
				CLANG_WARN_INFINITE_RECURSION = YES;
				CLANG_WARN_INT_CONVERSION = YES;
				CLANG_WARN_NON_LITERAL_NULL_CONVERSION = YES;
				CLANG_WARN_OBJC_IMPLICIT_RETAIN_SELF = YES;
				CLANG_WARN_OBJC_LITERAL_CONVERSION = YES;
				CLANG_WARN_OBJC_ROOT_CLASS = YES_ERROR;
				CLANG_WARN_QUOTED_INCLUDE_IN_FRAMEWORK_HEADER = YES;
				CLANG_WARN_RANGE_LOOP_ANALYSIS = YES;
				CLANG_WARN_STRICT_PROTOTYPES = YES;
				CLANG_WARN_SUSPICIOUS_MOVE = YES;
				CLANG_WARN_UNGUARDED_AVAILABILITY = YES_AGGRESSIVE;
				CLANG_WARN_UNREACHABLE_CODE = YES;
				CLANG_WARN__DUPLICATE_METHOD_MATCH = YES;
				COPY_PHASE_STRIP = NO;
				DEBUG_INFORMATION_FORMAT = "dwarf-with-dsym";
				ENABLE_NS_ASSERTIONS = NO;
				ENABLE_STRICT_OBJC_MSGSEND = YES;
				GCC_C_LANGUAGE_STANDARD = gnu11;
				GCC_NO_COMMON_BLOCKS = YES;
				GCC_WARN_64_TO_32_BIT_CONVERSION = YES;
				GCC_WARN_ABOUT_RETURN_TYPE = YES_ERROR;
				GCC_WARN_UNDECLARED_SELECTOR = YES;
				GCC_WARN_UNINITIALIZED_AUTOS = YES_AGGRESSIVE;
				GCC_WARN_UNUSED_FUNCTION = YES;
				GCC_WARN_UNUSED_VARIABLE = YES;
				IPHONEOS_DEPLOYMENT_TARGET = 15.0;
				MTL_ENABLE_DEBUG_INFO = NO;
				MTL_FAST_MATH = YES;
				SDKROOT = iphoneos;
				SWIFT_COMPILATION_MODE = wholemodule;
				SWIFT_OPTIMIZATION_LEVEL = "-O";
				VALIDATE_PRODUCT = YES;
			};
			name = Release;
		};
		BDD1F550278D817000613D5F /* Debug */ = {
			isa = XCBuildConfiguration;
			baseConfigurationReference = 3015977C0C37F207FA4A5DB9 /* Pods-openweatermap_testproject.debug.xcconfig */;
			buildSettings = {
				ASSETCATALOG_COMPILER_APPICON_NAME = AppIcon;
				ASSETCATALOG_COMPILER_GLOBAL_ACCENT_COLOR_NAME = AccentColor;
				CODE_SIGN_STYLE = Automatic;
				CURRENT_PROJECT_VERSION = 1;
				DEVELOPMENT_TEAM = YPXDVQFQ53;
				GENERATE_INFOPLIST_FILE = YES;
				INFOPLIST_FILE = openweatermap_testproject/Info.plist;
				INFOPLIST_KEY_UIApplicationSupportsIndirectInputEvents = YES;
				INFOPLIST_KEY_UILaunchStoryboardName = LaunchScreen;
				INFOPLIST_KEY_UIMainStoryboardFile = Main;
				INFOPLIST_KEY_UISupportedInterfaceOrientations = UIInterfaceOrientationPortrait;
				INFOPLIST_KEY_UISupportedInterfaceOrientations_iPad = "UIInterfaceOrientationPortrait UIInterfaceOrientationPortraitUpsideDown UIInterfaceOrientationLandscapeLeft UIInterfaceOrientationLandscapeRight";
				INFOPLIST_KEY_UISupportedInterfaceOrientations_iPhone = "UIInterfaceOrientationPortrait UIInterfaceOrientationLandscapeLeft UIInterfaceOrientationLandscapeRight";
				LD_RUNPATH_SEARCH_PATHS = (
					"$(inherited)",
					"@executable_path/Frameworks",
				);
				MARKETING_VERSION = 1.0;
				PRODUCT_BUNDLE_IDENTIFIER = "fedir72.openweatermap-testproject";
				PRODUCT_NAME = "$(TARGET_NAME)";
				SWIFT_EMIT_LOC_STRINGS = YES;
				SWIFT_VERSION = 5.0;
				TARGETED_DEVICE_FAMILY = "1,2";
			};
			name = Debug;
		};
		BDD1F551278D817000613D5F /* Release */ = {
			isa = XCBuildConfiguration;
			baseConfigurationReference = 4C2F9262FF42A1F210D5B850 /* Pods-openweatermap_testproject.release.xcconfig */;
			buildSettings = {
				ASSETCATALOG_COMPILER_APPICON_NAME = AppIcon;
				ASSETCATALOG_COMPILER_GLOBAL_ACCENT_COLOR_NAME = AccentColor;
				CODE_SIGN_STYLE = Automatic;
				CURRENT_PROJECT_VERSION = 1;
				DEVELOPMENT_TEAM = YPXDVQFQ53;
				GENERATE_INFOPLIST_FILE = YES;
				INFOPLIST_FILE = openweatermap_testproject/Info.plist;
				INFOPLIST_KEY_UIApplicationSupportsIndirectInputEvents = YES;
				INFOPLIST_KEY_UILaunchStoryboardName = LaunchScreen;
				INFOPLIST_KEY_UIMainStoryboardFile = Main;
				INFOPLIST_KEY_UISupportedInterfaceOrientations = UIInterfaceOrientationPortrait;
				INFOPLIST_KEY_UISupportedInterfaceOrientations_iPad = "UIInterfaceOrientationPortrait UIInterfaceOrientationPortraitUpsideDown UIInterfaceOrientationLandscapeLeft UIInterfaceOrientationLandscapeRight";
				INFOPLIST_KEY_UISupportedInterfaceOrientations_iPhone = "UIInterfaceOrientationPortrait UIInterfaceOrientationLandscapeLeft UIInterfaceOrientationLandscapeRight";
				LD_RUNPATH_SEARCH_PATHS = (
					"$(inherited)",
					"@executable_path/Frameworks",
				);
				MARKETING_VERSION = 1.0;
				PRODUCT_BUNDLE_IDENTIFIER = "fedir72.openweatermap-testproject";
				PRODUCT_NAME = "$(TARGET_NAME)";
				SWIFT_EMIT_LOC_STRINGS = YES;
				SWIFT_VERSION = 5.0;
				TARGETED_DEVICE_FAMILY = "1,2";
			};
			name = Release;
		};
/* End XCBuildConfiguration section */

/* Begin XCConfigurationList section */
		BDD1F536278D816F00613D5F /* Build configuration list for PBXProject "openweatermap_testproject" */ = {
			isa = XCConfigurationList;
			buildConfigurations = (
				BDD1F54D278D817000613D5F /* Debug */,
				BDD1F54E278D817000613D5F /* Release */,
			);
			defaultConfigurationIsVisible = 0;
			defaultConfigurationName = Release;
		};
		BDD1F54F278D817000613D5F /* Build configuration list for PBXNativeTarget "openweatermap_testproject" */ = {
			isa = XCConfigurationList;
			buildConfigurations = (
				BDD1F550278D817000613D5F /* Debug */,
				BDD1F551278D817000613D5F /* Release */,
			);
			defaultConfigurationIsVisible = 0;
			defaultConfigurationName = Release;
		};
/* End XCConfigurationList section */
	};
	rootObject = BDD1F533278D816F00613D5F /* Project object */;
}
